{
  "name": "erc20-with-onchain-data",
  "version": "1.0.0",
  "lockfileVersion": 2,
  "requires": true,
  "packages": {
    "": {
      "name": "erc20-with-onchain-data",
      "version": "1.0.0",
      "license": "ISC",
      "dependencies": {
        "@openzeppelin/contracts": "^4.8.2"
      }
    },
    "node_modules/@openzeppelin/contracts": {
      "version": "4.8.3",
      "license": "MIT"
    }
  },
  "dependencies": {
    "@openzeppelin/contracts": {
      "version": "4.8.3"
    }
  }
}
